{
  "name": "testing-social-trends",
  "version": "1.0.0",
  "lockfileVersion": 1,
  "requires": true,
  "dependencies": {
    "systeminformation": {
      "version": "4.34.1",
      "resolved": "https://registry.npmjs.org/systeminformation/-/systeminformation-4.34.1.tgz",
      "integrity": "sha512-LIO1kfefWa+hTz7zv1oi+wl76hTXI4D2sRpUHmp+TNIqynYN1NmNyeXIofmfZgr/7AwOHPvvcM9qYUGW13qQoQ=="
    }
  }
}
