{
  "name": "testing-social-trends",
  "version": "1.0.0",
  "lockfileVersion": 1,
  "requires": true,
  "dependencies": {
    "exiftool-vendored.pl": {
      "version": "12.19.0",
      "resolved": "https://registry.npmjs.org/exiftool-vendored.pl/-/exiftool-vendored.pl-12.19.0.tgz",
      "integrity": "sha512-RYJ1cSzmBF1gEWS2HO0+nXW+QknVi9IUpciCRpnfzcGnRHiqLErmLLtxA6qCeL3MtlKy3ELduCWu0Phm9l6zGA=="
    },
    "systeminformation": {
      "version": "4.31.0",
      "resolved": "https://registry.npmjs.org/systeminformation/-/systeminformation-4.31.0.tgz",
      "integrity": "sha512-j1eNsuHxpW00RpxSvLy2IJHXpH54TyzZGQRTSFM5flD+dl83qmZ7TWIPnVkACMgHFABkL95I4KTf6S7aRsGUWg=="
    }
  }
}
