{
  "name": "testing-social-trends",
  "version": "1.0.0",
  "lockfileVersion": 1,
  "requires": true,
  "dependencies": {
    "exiftool-vendored.pl": {
      "version": "12.28.0",
      "resolved": "https://registry.npmjs.org/exiftool-vendored.pl/-/exiftool-vendored.pl-12.28.0.tgz",
      "integrity": "sha512-XoQEW7iV81hGekY5k+hx17MpsTpLuWwXrRTPKUdDJnn6Ki+EvBv45Pcj/5xhYXf8OEzfcmigyVt4xRliXX1mOg=="
    },
    "netmask": {
      "version": "1.0.6",
      "resolved": "https://registry.npmjs.org/netmask/-/netmask-1.0.6.tgz",
      "integrity": "sha1-ICl+idhvb2QA8lDZ9Pa0wZRfzTU="
    },
    "systeminformation": {
      "version": "4.31.0",
      "resolved": "https://registry.npmjs.org/systeminformation/-/systeminformation-4.31.0.tgz",
      "integrity": "sha512-j1eNsuHxpW00RpxSvLy2IJHXpH54TyzZGQRTSFM5flD+dl83qmZ7TWIPnVkACMgHFABkL95I4KTf6S7aRsGUWg=="
    }
  }
}
